
Microsoft Visual Studio Solution File, Format Version 11.00
# Visual C++ Express 2010
Project("{8BC9CEB8-8B4A-11D0-8D11-00A0C91BC942}") = "Void", "Void\Void.vcxproj", "{75994C6E-27F3-478E-B8E8-D6DC352DF7BB}"
EndProject
Global
	GlobalSection(SolutionConfigurationPlatforms) = preSolution
		Debug|Win32 = Debug|Win32
		Release|Win32 = Release|Win32
	EndGlobalSection
	GlobalSection(ProjectConfigurationPlatforms) = postSolution
		{75994C6E-27F3-478E-B8E8-D6DC352DF7BB}.Debug|Win32.ActiveCfg = Debug|Win32
		{75994C6E-27F3-478E-B8E8-D6DC352DF7BB}.Debug|Win32.Build.0 = Debug|Win32
		{75994C6E-27F3-478E-B8E8-D6DC352DF7BB}.Release|Win32.ActiveCfg = Release|Win32
		{75994C6E-27F3-478E-B8E8-D6DC352DF7BB}.Release|Win32.Build.0 = Release|Win32
	EndGlobalSection
	GlobalSection(SolutionProperties) = preSolution
		HideSolutionNode = FALSE
	EndGlobalSection
EndGlobal
